// !$*UTF8*$!
{
	archiveVersion = 1;
	classes = {
	};
	objectVersion = 77;
	objects = {

/* Begin PBXBuildFile section */
		957680802CEC344B00370478 /* SnapKit in Frameworks */ = {isa = PBXBuildFile; productRef = 9576807F2CEC344B00370478 /* SnapKit */; };
/* End PBXBuildFile section */

/* Begin PBXContainerItemProxy section */
		9576804E2CEADB7000370478 /* PBXContainerItemProxy */ = {
			isa = PBXContainerItemProxy;
			containerPortal = 9576802F2CEADB6F00370478 /* Project object */;
			proxyType = 1;
			remoteGlobalIDString = 957680362CEADB6F00370478;
			remoteInfo = AnotherOrdinaryCalculator;
		};
		957680582CEADB7000370478 /* PBXContainerItemProxy */ = {
			isa = PBXContainerItemProxy;
			containerPortal = 9576802F2CEADB6F00370478 /* Project object */;
			proxyType = 1;
			remoteGlobalIDString = 957680362CEADB6F00370478;
			remoteInfo = AnotherOrdinaryCalculator;
		};
/* End PBXContainerItemProxy section */

/* Begin PBXFileReference section */
		957680372CEADB6F00370478 /* AnotherOrdinaryCalculator.app */ = {isa = PBXFileReference; explicitFileType = wrapper.application; includeInIndex = 0; path = AnotherOrdinaryCalculator.app; sourceTree = BUILT_PRODUCTS_DIR; };
		9576804D2CEADB7000370478 /* AnotherOrdinaryCalculatorTests.xctest */ = {isa = PBXFileReference; explicitFileType = wrapper.cfbundle; includeInIndex = 0; path = AnotherOrdinaryCalculatorTests.xctest; sourceTree = BUILT_PRODUCTS_DIR; };
		957680572CEADB7000370478 /* AnotherOrdinaryCalculatorUITests.xctest */ = {isa = PBXFileReference; explicitFileType = wrapper.cfbundle; includeInIndex = 0; path = AnotherOrdinaryCalculatorUITests.xctest; sourceTree = BUILT_PRODUCTS_DIR; };
/* End PBXFileReference section */

/* Begin PBXFileSystemSynchronizedBuildFileExceptionSet section */
		9576805F2CEADB7000370478 /* Exceptions for "AnotherOrdinaryCalculator" folder in "AnotherOrdinaryCalculator" target */ = {
			isa = PBXFileSystemSynchronizedBuildFileExceptionSet;
			membershipExceptions = (
				Info.plist,
			);
			target = 957680362CEADB6F00370478 /* AnotherOrdinaryCalculator */;
		};
/* End PBXFileSystemSynchronizedBuildFileExceptionSet section */

/* Begin PBXFileSystemSynchronizedRootGroup section */
		957680392CEADB6F00370478 /* AnotherOrdinaryCalculator */ = {
			isa = PBXFileSystemSynchronizedRootGroup;
			exceptions = (
				9576805F2CEADB7000370478 /* Exceptions for "AnotherOrdinaryCalculator" folder in "AnotherOrdinaryCalculator" target */,
			);
			path = AnotherOrdinaryCalculator;
			sourceTree = "<group>";
		};
		957680502CEADB7000370478 /* AnotherOrdinaryCalculatorTests */ = {
			isa = PBXFileSystemSynchronizedRootGroup;
			path = AnotherOrdinaryCalculatorTests;
			sourceTree = "<group>";
		};
		9576805A2CEADB7000370478 /* AnotherOrdinaryCalculatorUITests */ = {
			isa = PBXFileSystemSynchronizedRootGroup;
			path = AnotherOrdinaryCalculatorUITests;
			sourceTree = "<group>";
		};
/* End PBXFileSystemSynchronizedRootGroup section */

/* Begin PBXFrameworksBuildPhase section */
		957680342CEADB6F00370478 /* Frameworks */ = {
			isa = PBXFrameworksBuildPhase;
			buildActionMask = 2147483647;
			files = (
				957680802CEC344B00370478 /* SnapKit in Frameworks */,
			);
			runOnlyForDeploymentPostprocessing = 0;
		};
		9576804A2CEADB7000370478 /* Frameworks */ = {
			isa = PBXFrameworksBuildPhase;
			buildActionMask = 2147483647;
			files = (
			);
			runOnlyForDeploymentPostprocessing = 0;
		};
		957680542CEADB7000370478 /* Frameworks */ = {
			isa = PBXFrameworksBuildPhase;
			buildActionMask = 2147483647;
			files = (
			);
			runOnlyForDeploymentPostprocessing = 0;
		};
/* End PBXFrameworksBuildPhase section */

/* Begin PBXGroup section */
		9576802E2CEADB6F00370478 = {
			isa = PBXGroup;
			children = (
				957680392CEADB6F00370478 /* AnotherOrdinaryCalculator */,
				957680502CEADB7000370478 /* AnotherOrdinaryCalculatorTests */,
				9576805A2CEADB7000370478 /* AnotherOrdinaryCalculatorUITests */,
				957680382CEADB6F00370478 /* Products */,
			);
			sourceTree = "<group>";
		};
		957680382CEADB6F00370478 /* Products */ = {
			isa = PBXGroup;
			children = (
				957680372CEADB6F00370478 /* AnotherOrdinaryCalculator.app */,
				9576804D2CEADB7000370478 /* AnotherOrdinaryCalculatorTests.xctest */,
				957680572CEADB7000370478 /* AnotherOrdinaryCalculatorUITests.xctest */,
			);
			name = Products;
			sourceTree = "<group>";
		};
/* End PBXGroup section */

/* Begin PBXNativeTarget section */
		957680362CEADB6F00370478 /* AnotherOrdinaryCalculator */ = {
			isa = PBXNativeTarget;
			buildConfigurationList = 957680602CEADB7000370478 /* Build configuration list for PBXNativeTarget "AnotherOrdinaryCalculator" */;
			buildPhases = (
				957680332CEADB6F00370478 /* Sources */,
				957680342CEADB6F00370478 /* Frameworks */,
				957680352CEADB6F00370478 /* Resources */,
			);
			buildRules = (
			);
			dependencies = (
			);
			fileSystemSynchronizedGroups = (
				957680392CEADB6F00370478 /* AnotherOrdinaryCalculator */,
			);
			name = AnotherOrdinaryCalculator;
			packageProductDependencies = (
				9576807F2CEC344B00370478 /* SnapKit */,
			);
			productName = AnotherOrdinaryCalculator;
			productReference = 957680372CEADB6F00370478 /* AnotherOrdinaryCalculator.app */;
			productType = "com.apple.product-type.application";
		};
		9576804C2CEADB7000370478 /* AnotherOrdinaryCalculatorTests */ = {
			isa = PBXNativeTarget;
			buildConfigurationList = 957680652CEADB7000370478 /* Build configuration list for PBXNativeTarget "AnotherOrdinaryCalculatorTests" */;
			buildPhases = (
				957680492CEADB7000370478 /* Sources */,
				9576804A2CEADB7000370478 /* Frameworks */,
				9576804B2CEADB7000370478 /* Resources */,
			);
			buildRules = (
			);
			dependencies = (
				9576804F2CEADB7000370478 /* PBXTargetDependency */,
			);
			fileSystemSynchronizedGroups = (
				957680502CEADB7000370478 /* AnotherOrdinaryCalculatorTests */,
			);
			name = AnotherOrdinaryCalculatorTests;
			packageProductDependencies = (
			);
			productName = AnotherOrdinaryCalculatorTests;
			productReference = 9576804D2CEADB7000370478 /* AnotherOrdinaryCalculatorTests.xctest */;
			productType = "com.apple.product-type.bundle.unit-test";
		};
		957680562CEADB7000370478 /* AnotherOrdinaryCalculatorUITests */ = {
			isa = PBXNativeTarget;
			buildConfigurationList = 957680682CEADB7000370478 /* Build configuration list for PBXNativeTarget "AnotherOrdinaryCalculatorUITests" */;
			buildPhases = (
				957680532CEADB7000370478 /* Sources */,
				957680542CEADB7000370478 /* Frameworks */,
				957680552CEADB7000370478 /* Resources */,
			);
			buildRules = (
			);
			dependencies = (
				957680592CEADB7000370478 /* PBXTargetDependency */,
			);
			fileSystemSynchronizedGroups = (
				9576805A2CEADB7000370478 /* AnotherOrdinaryCalculatorUITests */,
			);
			name = AnotherOrdinaryCalculatorUITests;
			packageProductDependencies = (
			);
			productName = AnotherOrdinaryCalculatorUITests;
			productReference = 957680572CEADB7000370478 /* AnotherOrdinaryCalculatorUITests.xctest */;
			productType = "com.apple.product-type.bundle.ui-testing";
		};
/* End PBXNativeTarget section */

/* Begin PBXProject section */
		9576802F2CEADB6F00370478 /* Project object */ = {
			isa = PBXProject;
			attributes = {
				BuildIndependentTargetsInParallel = 1;
				LastSwiftUpdateCheck = 1600;
				LastUpgradeCheck = 1600;
				TargetAttributes = {
					957680362CEADB6F00370478 = {
						CreatedOnToolsVersion = 16.0;
					};
					9576804C2CEADB7000370478 = {
						CreatedOnToolsVersion = 16.0;
						TestTargetID = 957680362CEADB6F00370478;
					};
					957680562CEADB7000370478 = {
						CreatedOnToolsVersion = 16.0;
						TestTargetID = 957680362CEADB6F00370478;
					};
				};
			};
			buildConfigurationList = 957680322CEADB6F00370478 /* Build configuration list for PBXProject "AnotherOrdinaryCalculator" */;
			developmentRegion = en;
			hasScannedForEncodings = 0;
			knownRegions = (
				en,
				Base,
			);
			mainGroup = 9576802E2CEADB6F00370478;
			minimizedProjectReferenceProxies = 1;
			packageReferences = (
				9576807E2CEC344B00370478 /* XCRemoteSwiftPackageReference "SnapKit" */,
			);
			preferredProjectObjectVersion = 77;
			productRefGroup = 957680382CEADB6F00370478 /* Products */;
			projectDirPath = "";
			projectRoot = "";
			targets = (
				957680362CEADB6F00370478 /* AnotherOrdinaryCalculator */,
				9576804C2CEADB7000370478 /* AnotherOrdinaryCalculatorTests */,
				957680562CEADB7000370478 /* AnotherOrdinaryCalculatorUITests */,
			);
		};
/* End PBXProject section */

/* Begin PBXResourcesBuildPhase section */
		957680352CEADB6F00370478 /* Resources */ = {
			isa = PBXResourcesBuildPhase;
			buildActionMask = 2147483647;
			files = (
			);
			runOnlyForDeploymentPostprocessing = 0;
		};
		9576804B2CEADB7000370478 /* Resources */ = {
			isa = PBXResourcesBuildPhase;
			buildActionMask = 2147483647;
			files = (
			);
			runOnlyForDeploymentPostprocessing = 0;
		};
		957680552CEADB7000370478 /* Resources */ = {
			isa = PBXResourcesBuildPhase;
			buildActionMask = 2147483647;
			files = (
			);
			runOnlyForDeploymentPostprocessing = 0;
		};
/* End PBXResourcesBuildPhase section */

/* Begin PBXSourcesBuildPhase section */
		957680332CEADB6F00370478 /* Sources */ = {
			isa = PBXSourcesBuildPhase;
			buildActionMask = 2147483647;
			files = (
			);
			runOnlyForDeploymentPostprocessing = 0;
		};
		957680492CEADB7000370478 /* Sources */ = {
			isa = PBXSourcesBuildPhase;
			buildActionMask = 2147483647;
			files = (
			);
			runOnlyForDeploymentPostprocessing = 0;
		};
		957680532CEADB7000370478 /* Sources */ = {
			isa = PBXSourcesBuildPhase;
			buildActionMask = 2147483647;
			files = (
			);
			runOnlyForDeploymentPostprocessing = 0;
		};
/* End PBXSourcesBuildPhase section */

/* Begin PBXTargetDependency section */
		9576804F2CEADB7000370478 /* PBXTargetDependency */ = {
			isa = PBXTargetDependency;
			target = 957680362CEADB6F00370478 /* AnotherOrdinaryCalculator */;
			targetProxy = 9576804E2CEADB7000370478 /* PBXContainerItemProxy */;
		};
		957680592CEADB7000370478 /* PBXTargetDependency */ = {
			isa = PBXTargetDependency;
			target = 957680362CEADB6F00370478 /* AnotherOrdinaryCalculator */;
			targetProxy = 957680582CEADB7000370478 /* PBXContainerItemProxy */;
		};
/* End PBXTargetDependency section */

/* Begin XCBuildConfiguration section */
		957680612CEADB7000370478 /* Debug */ = {
			isa = XCBuildConfiguration;
			buildSettings = {
				ASSETCATALOG_COMPILER_APPICON_NAME = AppIcon;
				ASSETCATALOG_COMPILER_GLOBAL_ACCENT_COLOR_NAME = AccentColor;
				CODE_SIGN_STYLE = Automatic;
				CURRENT_PROJECT_VERSION = 1;
				DEVELOPMENT_TEAM = GDN46G87UX;
				GENERATE_INFOPLIST_FILE = YES;
				INFOPLIST_FILE = AnotherOrdinaryCalculator/Info.plist;
				INFOPLIST_KEY_UIApplicationSupportsIndirectInputEvents = YES;
				INFOPLIST_KEY_UILaunchStoryboardName = LaunchScreen;
				INFOPLIST_KEY_UISupportedInterfaceOrientations_iPad = "UIInterfaceOrientationPortrait UIInterfaceOrientationPortraitUpsideDown UIInterfaceOrientationLandscapeLeft UIInterfaceOrientationLandscapeRight";
				INFOPLIST_KEY_UISupportedInterfaceOrientations_iPhone = "UIInterfaceOrientationPortrait UIInterfaceOrientationLandscapeLeft UIInterfaceOrientationLandscapeRight";
				LD_RUNPATH_SEARCH_PATHS = (
					"$(inherited)",
					"@executable_path/Frameworks",
				);
				MARKETING_VERSION = 1.0;
				PRODUCT_BUNDLE_IDENTIFIER = haminkim.AnotherOrdinaryCalculator;
				PRODUCT_NAME = "$(TARGET_NAME)";
				SWIFT_EMIT_LOC_STRINGS = YES;
				SWIFT_VERSION = 5.0;
				TARGETED_DEVICE_FAMILY = "1,2";
			};
			name = Debug;
		};
		957680622CEADB7000370478 /* Release */ = {
			isa = XCBuildConfiguration;
			buildSettings = {
				ASSETCATALOG_COMPILER_APPICON_NAME = AppIcon;
				ASSETCATALOG_COMPILER_GLOBAL_ACCENT_COLOR_NAME = AccentColor;
				CODE_SIGN_STYLE = Automatic;
				CURRENT_PROJECT_VERSION = 1;
				DEVELOPMENT_TEAM = GDN46G87UX;
				GENERATE_INFOPLIST_FILE = YES;
				INFOPLIST_FILE = AnotherOrdinaryCalculator/Info.plist;
				INFOPLIST_KEY_UIApplicationSupportsIndirectInputEvents = YES;
				INFOPLIST_KEY_UILaunchStoryboardName = LaunchScreen;
				INFOPLIST_KEY_UISupportedInterfaceOrientations_iPad = "UIInterfaceOrientationPortrait UIInterfaceOrientationPortraitUpsideDown UIInterfaceOrientationLandscapeLeft UIInterfaceOrientationLandscapeRight";
				INFOPLIST_KEY_UISupportedInterfaceOrientations_iPhone = "UIInterfaceOrientationPortrait UIInterfaceOrientationLandscapeLeft UIInterfaceOrientationLandscapeRight";
				LD_RUNPATH_SEARCH_PATHS = (
					"$(inherited)",
					"@executable_path/Frameworks",
				);
				MARKETING_VERSION = 1.0;
				PRODUCT_BUNDLE_IDENTIFIER = haminkim.AnotherOrdinaryCalculator;
				PRODUCT_NAME = "$(TARGET_NAME)";
				SWIFT_EMIT_LOC_STRINGS = YES;
				SWIFT_VERSION = 5.0;
				TARGETED_DEVICE_FAMILY = "1,2";
			};
			name = Release;
		};
		957680632CEADB7000370478 /* Debug */ = {
			isa = XCBuildConfiguration;
			buildSettings = {
				ALWAYS_SEARCH_USER_PATHS = NO;
				ASSETCATALOG_COMPILER_GENERATE_SWIFT_ASSET_SYMBOL_EXTENSIONS = YES;
				CLANG_ANALYZER_NONNULL = YES;
				CLANG_ANALYZER_NUMBER_OBJECT_CONVERSION = YES_AGGRESSIVE;
				CLANG_CXX_LANGUAGE_STANDARD = "gnu++20";
				CLANG_ENABLE_MODULES = YES;
				CLANG_ENABLE_OBJC_ARC = YES;
				CLANG_ENABLE_OBJC_WEAK = YES;
				CLANG_WARN_BLOCK_CAPTURE_AUTORELEASING = YES;
				CLANG_WARN_BOOL_CONVERSION = YES;
				CLANG_WARN_COMMA = YES;
				CLANG_WARN_CONSTANT_CONVERSION = YES;
				CLANG_WARN_DEPRECATED_OBJC_IMPLEMENTATIONS = YES;
				CLANG_WARN_DIRECT_OBJC_ISA_USAGE = YES_ERROR;
				CLANG_WARN_DOCUMENTATION_COMMENTS = YES;
				CLANG_WARN_EMPTY_BODY = YES;
				CLANG_WARN_ENUM_CONVERSION = YES;
				CLANG_WARN_INFINITE_RECURSION = YES;
				CLANG_WARN_INT_CONVERSION = YES;
				CLANG_WARN_NON_LITERAL_NULL_CONVERSION = YES;
				CLANG_WARN_OBJC_IMPLICIT_RETAIN_SELF = YES;
				CLANG_WARN_OBJC_LITERAL_CONVERSION = YES;
				CLANG_WARN_OBJC_ROOT_CLASS = YES_ERROR;
				CLANG_WARN_QUOTED_INCLUDE_IN_FRAMEWORK_HEADER = YES;
				CLANG_WARN_RANGE_LOOP_ANALYSIS = YES;
				CLANG_WARN_STRICT_PROTOTYPES = YES;
				CLANG_WARN_SUSPICIOUS_MOVE = YES;
				CLANG_WARN_UNGUARDED_AVAILABILITY = YES_AGGRESSIVE;
				CLANG_WARN_UNREACHABLE_CODE = YES;
				CLANG_WARN__DUPLICATE_METHOD_MATCH = YES;
				COPY_PHASE_STRIP = NO;
				DEBUG_INFORMATION_FORMAT = dwarf;
				ENABLE_STRICT_OBJC_MSGSEND = YES;
				ENABLE_TESTABILITY = YES;
				ENABLE_USER_SCRIPT_SANDBOXING = YES;
				GCC_C_LANGUAGE_STANDARD = gnu17;
				GCC_DYNAMIC_NO_PIC = NO;
				GCC_NO_COMMON_BLOCKS = YES;
				GCC_OPTIMIZATION_LEVEL = 0;
				GCC_PREPROCESSOR_DEFINITIONS = (
					"DEBUG=1",
					"$(inherited)",
				);
				GCC_WARN_64_TO_32_BIT_CONVERSION = YES;
				GCC_WARN_ABOUT_RETURN_TYPE = YES_ERROR;
				GCC_WARN_UNDECLARED_SELECTOR = YES;
				GCC_WARN_UNINITIALIZED_AUTOS = YES_AGGRESSIVE;
				GCC_WARN_UNUSED_FUNCTION = YES;
				GCC_WARN_UNUSED_VARIABLE = YES;
				IPHONEOS_DEPLOYMENT_TARGET = 18.0;
				LOCALIZATION_PREFERS_STRING_CATALOGS = YES;
				MTL_ENABLE_DEBUG_INFO = INCLUDE_SOURCE;
				MTL_FAST_MATH = YES;
				ONLY_ACTIVE_ARCH = YES;
				SDKROOT = iphoneos;
				SWIFT_ACTIVE_COMPILATION_CONDITIONS = "DEBUG $(inherited)";
				SWIFT_OPTIMIZATION_LEVEL = "-Onone";
			};
			name = Debug;
		};
		957680642CEADB7000370478 /* Release */ = {
			isa = XCBuildConfiguration;
			buildSettings = {
				ALWAYS_SEARCH_USER_PATHS = NO;
				ASSETCATALOG_COMPILER_GENERATE_SWIFT_ASSET_SYMBOL_EXTENSIONS = YES;
				CLANG_ANALYZER_NONNULL = YES;
				CLANG_ANALYZER_NUMBER_OBJECT_CONVERSION = YES_AGGRESSIVE;
				CLANG_CXX_LANGUAGE_STANDARD = "gnu++20";
				CLANG_ENABLE_MODULES = YES;
				CLANG_ENABLE_OBJC_ARC = YES;
				CLANG_ENABLE_OBJC_WEAK = YES;
				CLANG_WARN_BLOCK_CAPTURE_AUTORELEASING = YES;
				CLANG_WARN_BOOL_CONVERSION = YES;
				CLANG_WARN_COMMA = YES;
				CLANG_WARN_CONSTANT_CONVERSION = YES;
				CLANG_WARN_DEPRECATED_OBJC_IMPLEMENTATIONS = YES;
				CLANG_WARN_DIRECT_OBJC_ISA_USAGE = YES_ERROR;
				CLANG_WARN_DOCUMENTATION_COMMENTS = YES;
				CLANG_WARN_EMPTY_BODY = YES;
				CLANG_WARN_ENUM_CONVERSION = YES;
				CLANG_WARN_INFINITE_RECURSION = YES;
				CLANG_WARN_INT_CONVERSION = YES;
				CLANG_WARN_NON_LITERAL_NULL_CONVERSION = YES;
				CLANG_WARN_OBJC_IMPLICIT_RETAIN_SELF = YES;
				CLANG_WARN_OBJC_LITERAL_CONVERSION = YES;
				CLANG_WARN_OBJC_ROOT_CLASS = YES_ERROR;
				CLANG_WARN_QUOTED_INCLUDE_IN_FRAMEWORK_HEADER = YES;
				CLANG_WARN_RANGE_LOOP_ANALYSIS = YES;
				CLANG_WARN_STRICT_PROTOTYPES = YES;
				CLANG_WARN_SUSPICIOUS_MOVE = YES;
				CLANG_WARN_UNGUARDED_AVAILABILITY = YES_AGGRESSIVE;
				CLANG_WARN_UNREACHABLE_CODE = YES;
				CLANG_WARN__DUPLICATE_METHOD_MATCH = YES;
				COPY_PHASE_STRIP = NO;
				DEBUG_INFORMATION_FORMAT = "dwarf-with-dsym";
				ENABLE_NS_ASSERTIONS = NO;
				ENABLE_STRICT_OBJC_MSGSEND = YES;
				ENABLE_USER_SCRIPT_SANDBOXING = YES;
				GCC_C_LANGUAGE_STANDARD = gnu17;
				GCC_NO_COMMON_BLOCKS = YES;
				GCC_WARN_64_TO_32_BIT_CONVERSION = YES;
				GCC_WARN_ABOUT_RETURN_TYPE = YES_ERROR;
				GCC_WARN_UNDECLARED_SELECTOR = YES;
				GCC_WARN_UNINITIALIZED_AUTOS = YES_AGGRESSIVE;
				GCC_WARN_UNUSED_FUNCTION = YES;
				GCC_WARN_UNUSED_VARIABLE = YES;
				IPHONEOS_DEPLOYMENT_TARGET = 18.0;
				LOCALIZATION_PREFERS_STRING_CATALOGS = YES;
				MTL_ENABLE_DEBUG_INFO = NO;
				MTL_FAST_MATH = YES;
				SDKROOT = iphoneos;
				SWIFT_COMPILATION_MODE = wholemodule;
				VALIDATE_PRODUCT = YES;
			};
			name = Release;
		};
		957680662CEADB7000370478 /* Debug */ = {
			isa = XCBuildConfiguration;
			buildSettings = {
				BUNDLE_LOADER = "$(TEST_HOST)";
				CODE_SIGN_STYLE = Automatic;
				CURRENT_PROJECT_VERSION = 1;
				DEVELOPMENT_TEAM = GDN46G87UX;
				GENERATE_INFOPLIST_FILE = YES;
				IPHONEOS_DEPLOYMENT_TARGET = 18.0;
				MARKETING_VERSION = 1.0;
				PRODUCT_BUNDLE_IDENTIFIER = haminkim.AnotherOrdinaryCalculatorTests;
				PRODUCT_NAME = "$(TARGET_NAME)";
				SWIFT_EMIT_LOC_STRINGS = NO;
				SWIFT_VERSION = 5.0;
				TARGETED_DEVICE_FAMILY = "1,2";
				TEST_HOST = "$(BUILT_PRODUCTS_DIR)/AnotherOrdinaryCalculator.app/$(BUNDLE_EXECUTABLE_FOLDER_PATH)/AnotherOrdinaryCalculator";
			};
			name = Debug;
		};
		957680672CEADB7000370478 /* Release */ = {
			isa = XCBuildConfiguration;
			buildSettings = {
				BUNDLE_LOADER = "$(TEST_HOST)";
				CODE_SIGN_STYLE = Automatic;
				CURRENT_PROJECT_VERSION = 1;
				DEVELOPMENT_TEAM = GDN46G87UX;
				GENERATE_INFOPLIST_FILE = YES;
				IPHONEOS_DEPLOYMENT_TARGET = 18.0;
				MARKETING_VERSION = 1.0;
				PRODUCT_BUNDLE_IDENTIFIER = haminkim.AnotherOrdinaryCalculatorTests;
				PRODUCT_NAME = "$(TARGET_NAME)";
				SWIFT_EMIT_LOC_STRINGS = NO;
				SWIFT_VERSION = 5.0;
				TARGETED_DEVICE_FAMILY = "1,2";
				TEST_HOST = "$(BUILT_PRODUCTS_DIR)/AnotherOrdinaryCalculator.app/$(BUNDLE_EXECUTABLE_FOLDER_PATH)/AnotherOrdinaryCalculator";
			};
			name = Release;
		};
		957680692CEADB7000370478 /* Debug */ = {
			isa = XCBuildConfiguration;
			buildSettings = {
				CODE_SIGN_STYLE = Automatic;
				CURRENT_PROJECT_VERSION = 1;
				DEVELOPMENT_TEAM = GDN46G87UX;
				GENERATE_INFOPLIST_FILE = YES;
				MARKETING_VERSION = 1.0;
				PRODUCT_BUNDLE_IDENTIFIER = haminkim.AnotherOrdinaryCalculatorUITests;
				PRODUCT_NAME = "$(TARGET_NAME)";
				SWIFT_EMIT_LOC_STRINGS = NO;
				SWIFT_VERSION = 5.0;
				TARGETED_DEVICE_FAMILY = "1,2";
				TEST_TARGET_NAME = AnotherOrdinaryCalculator;
			};
			name = Debug;
		};
		9576806A2CEADB7000370478 /* Release */ = {
			isa = XCBuildConfiguration;
			buildSettings = {
				CODE_SIGN_STYLE = Automatic;
				CURRENT_PROJECT_VERSION = 1;
				DEVELOPMENT_TEAM = GDN46G87UX;
				GENERATE_INFOPLIST_FILE = YES;
				MARKETING_VERSION = 1.0;
				PRODUCT_BUNDLE_IDENTIFIER = haminkim.AnotherOrdinaryCalculatorUITests;
				PRODUCT_NAME = "$(TARGET_NAME)";
				SWIFT_EMIT_LOC_STRINGS = NO;
				SWIFT_VERSION = 5.0;
				TARGETED_DEVICE_FAMILY = "1,2";
				TEST_TARGET_NAME = AnotherOrdinaryCalculator;
			};
			name = Release;
		};
/* End XCBuildConfiguration section */

/* Begin XCConfigurationList section */
		957680322CEADB6F00370478 /* Build configuration list for PBXProject "AnotherOrdinaryCalculator" */ = {
			isa = XCConfigurationList;
			buildConfigurations = (
				957680632CEADB7000370478 /* Debug */,
				957680642CEADB7000370478 /* Release */,
			);
			defaultConfigurationIsVisible = 0;
			defaultConfigurationName = Release;
		};
		957680602CEADB7000370478 /* Build configuration list for PBXNativeTarget "AnotherOrdinaryCalculator" */ = {
			isa = XCConfigurationList;
			buildConfigurations = (
				957680612CEADB7000370478 /* Debug */,
				957680622CEADB7000370478 /* Release */,
			);
			defaultConfigurationIsVisible = 0;
			defaultConfigurationName = Release;
		};
		957680652CEADB7000370478 /* Build configuration list for PBXNativeTarget "AnotherOrdinaryCalculatorTests" */ = {
			isa = XCConfigurationList;
			buildConfigurations = (
				957680662CEADB7000370478 /* Debug */,
				957680672CEADB7000370478 /* Release */,
			);
			defaultConfigurationIsVisible = 0;
			defaultConfigurationName = Release;
		};
		957680682CEADB7000370478 /* Build configuration list for PBXNativeTarget "AnotherOrdinaryCalculatorUITests" */ = {
			isa = XCConfigurationList;
			buildConfigurations = (
				957680692CEADB7000370478 /* Debug */,
				9576806A2CEADB7000370478 /* Release */,
			);
			defaultConfigurationIsVisible = 0;
			defaultConfigurationName = Release;
		};
/* End XCConfigurationList section */

/* Begin XCRemoteSwiftPackageReference section */
		9576807E2CEC344B00370478 /* XCRemoteSwiftPackageReference "SnapKit" */ = {
			isa = XCRemoteSwiftPackageReference;
			repositoryURL = "https://github.com/SnapKit/SnapKit.git";
			requirement = {
				kind = upToNextMajorVersion;
				minimumVersion = 5.7.1;
			};
		};
/* End XCRemoteSwiftPackageReference section */

/* Begin XCSwiftPackageProductDependency section */
		9576807F2CEC344B00370478 /* SnapKit */ = {
			isa = XCSwiftPackageProductDependency;
			package = 9576807E2CEC344B00370478 /* XCRemoteSwiftPackageReference "SnapKit" */;
			productName = SnapKit;
		};
/* End XCSwiftPackageProductDependency section */
	};
	rootObject = 9576802F2CEADB6F00370478 /* Project object */;
}
